
Microsoft Visual Studio Solution File, Format Version 12.00
# Visual Studio 15
VisualStudioVersion = 15.0.28010.2026
MinimumVisualStudioVersion = 10.0.40219.1
Project("{FAE04EC0-301F-11D3-BF4B-00C04F79EFBC}") = "MVC_Curd1", "MVC_Curd1\MVC_Curd1.csproj", "{6DF021E5-872A-4103-92A3-FFA46963CD51}"
EndProject
Global
	GlobalSection(SolutionConfigurationPlatforms) = preSolution
		Debug|Any CPU = Debug|Any CPU
		Release|Any CPU = Release|Any CPU
	EndGlobalSection
	GlobalSection(ProjectConfigurationPlatforms) = postSolution
		{6DF021E5-872A-4103-92A3-FFA46963CD51}.Debug|Any CPU.ActiveCfg = Debug|Any CPU
		{6DF021E5-872A-4103-92A3-FFA46963CD51}.Debug|Any CPU.Build.0 = Debug|Any CPU
		{6DF021E5-872A-4103-92A3-FFA46963CD51}.Release|Any CPU.ActiveCfg = Release|Any CPU
		{6DF021E5-872A-4103-92A3-FFA46963CD51}.Release|Any CPU.Build.0 = Release|Any CPU
	EndGlobalSection
	GlobalSection(SolutionProperties) = preSolution
		HideSolutionNode = FALSE
	EndGlobalSection
	GlobalSection(ExtensibilityGlobals) = postSolution
		SolutionGuid = {D89A6600-6414-4711-A40A-E36E74EA461C}
	EndGlobalSection
EndGlobal
